// !$*UTF8*$!
{
	archiveVersion = 1;
	classes = {
	};
	objectVersion = 77;
	objects = {

/* Begin PBXContainerItemProxy section */
		0D8BD60A2DCBE31E00C4FD52 /* PBXContainerItemProxy */ = {
			isa = PBXContainerItemProxy;
			containerPortal = 0D8BD5F12DCBE31C00C4FD52 /* Project object */;
			proxyType = 1;
			remoteGlobalIDString = 0D8BD5F82DCBE31C00C4FD52;
			remoteInfo = Snapfit;
		};
		0D8BD6142DCBE31E00C4FD52 /* PBXContainerItemProxy */ = {
			isa = PBXContainerItemProxy;
			containerPortal = 0D8BD5F12DCBE31C00C4FD52 /* Project object */;
			proxyType = 1;
			remoteGlobalIDString = 0D8BD5F82DCBE31C00C4FD52;
			remoteInfo = Snapfit;
		};
/* End PBXContainerItemProxy section */

/* Begin PBXFileReference section */
		0D8BD5F92DCBE31C00C4FD52 /* Snapfit.app */ = {isa = PBXFileReference; explicitFileType = wrapper.application; includeInIndex = 0; path = Snapfit.app; sourceTree = BUILT_PRODUCTS_DIR; };
		0D8BD6092DCBE31E00C4FD52 /* SnapfitTests.xctest */ = {isa = PBXFileReference; explicitFileType = wrapper.cfbundle; includeInIndex = 0; path = SnapfitTests.xctest; sourceTree = BUILT_PRODUCTS_DIR; };
		0D8BD6132DCBE31E00C4FD52 /* SnapfitUITests.xctest */ = {isa = PBXFileReference; explicitFileType = wrapper.cfbundle; includeInIndex = 0; path = SnapfitUITests.xctest; sourceTree = BUILT_PRODUCTS_DIR; };
/* End PBXFileReference section */

/* Begin PBXFileSystemSynchronizedRootGroup section */
		0D8BD5FB2DCBE31C00C4FD52 /* Snapfit */ = {
			isa = PBXFileSystemSynchronizedRootGroup;
			path = Snapfit;
			sourceTree = "<group>";
		};
		0D8BD60C2DCBE31E00C4FD52 /* SnapfitTests */ = {
			isa = PBXFileSystemSynchronizedRootGroup;
			path = SnapfitTests;
			sourceTree = "<group>";
		};
		0D8BD6162DCBE31E00C4FD52 /* SnapfitUITests */ = {
			isa = PBXFileSystemSynchronizedRootGroup;
			path = SnapfitUITests;
			sourceTree = "<group>";
		};
/* End PBXFileSystemSynchronizedRootGroup section */

/* Begin PBXFrameworksBuildPhase section */
		0D8BD5F62DCBE31C00C4FD52 /* Frameworks */ = {
			isa = PBXFrameworksBuildPhase;
			buildActionMask = 2147483647;
			files = (
			);
			runOnlyForDeploymentPostprocessing = 0;
		};
		0D8BD6062DCBE31E00C4FD52 /* Frameworks */ = {
			isa = PBXFrameworksBuildPhase;
			buildActionMask = 2147483647;
			files = (
			);
			runOnlyForDeploymentPostprocessing = 0;
		};
		0D8BD6102DCBE31E00C4FD52 /* Frameworks */ = {
			isa = PBXFrameworksBuildPhase;
			buildActionMask = 2147483647;
			files = (
			);
			runOnlyForDeploymentPostprocessing = 0;
		};
/* End PBXFrameworksBuildPhase section */

/* Begin PBXGroup section */
		0D8BD5F02DCBE31C00C4FD52 = {
			isa = PBXGroup;
			children = (
				0D8BD5FB2DCBE31C00C4FD52 /* Snapfit */,
				0D8BD60C2DCBE31E00C4FD52 /* SnapfitTests */,
				0D8BD6162DCBE31E00C4FD52 /* SnapfitUITests */,
				0D8BD5FA2DCBE31C00C4FD52 /* Products */,
			);
			sourceTree = "<group>";
		};
		0D8BD5FA2DCBE31C00C4FD52 /* Products */ = {
			isa = PBXGroup;
			children = (
				0D8BD5F92DCBE31C00C4FD52 /* Snapfit.app */,
				0D8BD6092DCBE31E00C4FD52 /* SnapfitTests.xctest */,
				0D8BD6132DCBE31E00C4FD52 /* SnapfitUITests.xctest */,
			);
			name = Products;
			sourceTree = "<group>";
		};
/* End PBXGroup section */

/* Begin PBXNativeTarget section */
		0D8BD5F82DCBE31C00C4FD52 /* Snapfit */ = {
			isa = PBXNativeTarget;
			buildConfigurationList = 0D8BD61D2DCBE31E00C4FD52 /* Build configuration list for PBXNativeTarget "Snapfit" */;
			buildPhases = (
				0D8BD5F52DCBE31C00C4FD52 /* Sources */,
				0D8BD5F62DCBE31C00C4FD52 /* Frameworks */,
				0D8BD5F72DCBE31C00C4FD52 /* Resources */,
			);
			buildRules = (
			);
			dependencies = (
			);
			fileSystemSynchronizedGroups = (
				0D8BD5FB2DCBE31C00C4FD52 /* Snapfit */,
			);
			name = Snapfit;
			packageProductDependencies = (
			);
			productName = Snapfit;
			productReference = 0D8BD5F92DCBE31C00C4FD52 /* Snapfit.app */;
			productType = "com.apple.product-type.application";
		};
		0D8BD6082DCBE31E00C4FD52 /* SnapfitTests */ = {
			isa = PBXNativeTarget;
			buildConfigurationList = 0D8BD6202DCBE31E00C4FD52 /* Build configuration list for PBXNativeTarget "SnapfitTests" */;
			buildPhases = (
				0D8BD6052DCBE31E00C4FD52 /* Sources */,
				0D8BD6062DCBE31E00C4FD52 /* Frameworks */,
				0D8BD6072DCBE31E00C4FD52 /* Resources */,
			);
			buildRules = (
			);
			dependencies = (
				0D8BD60B2DCBE31E00C4FD52 /* PBXTargetDependency */,
			);
			fileSystemSynchronizedGroups = (
				0D8BD60C2DCBE31E00C4FD52 /* SnapfitTests */,
			);
			name = SnapfitTests;
			packageProductDependencies = (
			);
			productName = SnapfitTests;
			productReference = 0D8BD6092DCBE31E00C4FD52 /* SnapfitTests.xctest */;
			productType = "com.apple.product-type.bundle.unit-test";
		};
		0D8BD6122DCBE31E00C4FD52 /* SnapfitUITests */ = {
			isa = PBXNativeTarget;
			buildConfigurationList = 0D8BD6232DCBE31E00C4FD52 /* Build configuration list for PBXNativeTarget "SnapfitUITests" */;
			buildPhases = (
				0D8BD60F2DCBE31E00C4FD52 /* Sources */,
				0D8BD6102DCBE31E00C4FD52 /* Frameworks */,
				0D8BD6112DCBE31E00C4FD52 /* Resources */,
			);
			buildRules = (
			);
			dependencies = (
				0D8BD6152DCBE31E00C4FD52 /* PBXTargetDependency */,
			);
			fileSystemSynchronizedGroups = (
				0D8BD6162DCBE31E00C4FD52 /* SnapfitUITests */,
			);
			name = SnapfitUITests;
			packageProductDependencies = (
			);
			productName = SnapfitUITests;
			productReference = 0D8BD6132DCBE31E00C4FD52 /* SnapfitUITests.xctest */;
			productType = "com.apple.product-type.bundle.ui-testing";
		};
/* End PBXNativeTarget section */

/* Begin PBXProject section */
		0D8BD5F12DCBE31C00C4FD52 /* Project object */ = {
			isa = PBXProject;
			attributes = {
				BuildIndependentTargetsInParallel = 1;
				LastSwiftUpdateCheck = 1620;
				LastUpgradeCheck = 1620;
				TargetAttributes = {
					0D8BD5F82DCBE31C00C4FD52 = {
						CreatedOnToolsVersion = 16.2;
					};
					0D8BD6082DCBE31E00C4FD52 = {
						CreatedOnToolsVersion = 16.2;
						TestTargetID = 0D8BD5F82DCBE31C00C4FD52;
					};
					0D8BD6122DCBE31E00C4FD52 = {
						CreatedOnToolsVersion = 16.2;
						TestTargetID = 0D8BD5F82DCBE31C00C4FD52;
					};
				};
			};
			buildConfigurationList = 0D8BD5F42DCBE31C00C4FD52 /* Build configuration list for PBXProject "Snapfit" */;
			developmentRegion = en;
			hasScannedForEncodings = 0;
			knownRegions = (
				en,
				Base,
			);
			mainGroup = 0D8BD5F02DCBE31C00C4FD52;
			minimizedProjectReferenceProxies = 1;
			preferredProjectObjectVersion = 77;
			productRefGroup = 0D8BD5FA2DCBE31C00C4FD52 /* Products */;
			projectDirPath = "";
			projectRoot = "";
			targets = (
				0D8BD5F82DCBE31C00C4FD52 /* Snapfit */,
				0D8BD6082DCBE31E00C4FD52 /* SnapfitTests */,
				0D8BD6122DCBE31E00C4FD52 /* SnapfitUITests */,
			);
		};
/* End PBXProject section */

/* Begin PBXResourcesBuildPhase section */
		0D8BD5F72DCBE31C00C4FD52 /* Resources */ = {
			isa = PBXResourcesBuildPhase;
			buildActionMask = 2147483647;
			files = (
			);
			runOnlyForDeploymentPostprocessing = 0;
		};
		0D8BD6072DCBE31E00C4FD52 /* Resources */ = {
			isa = PBXResourcesBuildPhase;
			buildActionMask = 2147483647;
			files = (
			);
			runOnlyForDeploymentPostprocessing = 0;
		};
		0D8BD6112DCBE31E00C4FD52 /* Resources */ = {
			isa = PBXResourcesBuildPhase;
			buildActionMask = 2147483647;
			files = (
			);
			runOnlyForDeploymentPostprocessing = 0;
		};
/* End PBXResourcesBuildPhase section */

/* Begin PBXSourcesBuildPhase section */
		0D8BD5F52DCBE31C00C4FD52 /* Sources */ = {
			isa = PBXSourcesBuildPhase;
			buildActionMask = 2147483647;
			files = (
			);
			runOnlyForDeploymentPostprocessing = 0;
		};
		0D8BD6052DCBE31E00C4FD52 /* Sources */ = {
			isa = PBXSourcesBuildPhase;
			buildActionMask = 2147483647;
			files = (
			);
			runOnlyForDeploymentPostprocessing = 0;
		};
		0D8BD60F2DCBE31E00C4FD52 /* Sources */ = {
			isa = PBXSourcesBuildPhase;
			buildActionMask = 2147483647;
			files = (
			);
			runOnlyForDeploymentPostprocessing = 0;
		};
/* End PBXSourcesBuildPhase section */

/* Begin PBXTargetDependency section */
		0D8BD60B2DCBE31E00C4FD52 /* PBXTargetDependency */ = {
			isa = PBXTargetDependency;
			target = 0D8BD5F82DCBE31C00C4FD52 /* Snapfit */;
			targetProxy = 0D8BD60A2DCBE31E00C4FD52 /* PBXContainerItemProxy */;
		};
		0D8BD6152DCBE31E00C4FD52 /* PBXTargetDependency */ = {
			isa = PBXTargetDependency;
			target = 0D8BD5F82DCBE31C00C4FD52 /* Snapfit */;
			targetProxy = 0D8BD6142DCBE31E00C4FD52 /* PBXContainerItemProxy */;
		};
/* End PBXTargetDependency section */

/* Begin XCBuildConfiguration section */
		0D8BD61B2DCBE31E00C4FD52 /* Debug */ = {
			isa = XCBuildConfiguration;
			buildSettings = {
				ALWAYS_SEARCH_USER_PATHS = NO;
				ASSETCATALOG_COMPILER_GENERATE_SWIFT_ASSET_SYMBOL_EXTENSIONS = YES;
				CLANG_ANALYZER_NONNULL = YES;
				CLANG_ANALYZER_NUMBER_OBJECT_CONVERSION = YES_AGGRESSIVE;
				CLANG_CXX_LANGUAGE_STANDARD = "gnu++20";
				CLANG_ENABLE_MODULES = YES;
				CLANG_ENABLE_OBJC_ARC = YES;
				CLANG_ENABLE_OBJC_WEAK = YES;
				CLANG_WARN_BLOCK_CAPTURE_AUTORELEASING = YES;
				CLANG_WARN_BOOL_CONVERSION = YES;
				CLANG_WARN_COMMA = YES;
				CLANG_WARN_CONSTANT_CONVERSION = YES;
				CLANG_WARN_DEPRECATED_OBJC_IMPLEMENTATIONS = YES;
				CLANG_WARN_DIRECT_OBJC_ISA_USAGE = YES_ERROR;
				CLANG_WARN_DOCUMENTATION_COMMENTS = YES;
				CLANG_WARN_EMPTY_BODY = YES;
				CLANG_WARN_ENUM_CONVERSION = YES;
				CLANG_WARN_INFINITE_RECURSION = YES;
				CLANG_WARN_INT_CONVERSION = YES;
				CLANG_WARN_NON_LITERAL_NULL_CONVERSION = YES;
				CLANG_WARN_OBJC_IMPLICIT_RETAIN_SELF = YES;
				CLANG_WARN_OBJC_LITERAL_CONVERSION = YES;
				CLANG_WARN_OBJC_ROOT_CLASS = YES_ERROR;
				CLANG_WARN_QUOTED_INCLUDE_IN_FRAMEWORK_HEADER = YES;
				CLANG_WARN_RANGE_LOOP_ANALYSIS = YES;
				CLANG_WARN_STRICT_PROTOTYPES = YES;
				CLANG_WARN_SUSPICIOUS_MOVE = YES;
				CLANG_WARN_UNGUARDED_AVAILABILITY = YES_AGGRESSIVE;
				CLANG_WARN_UNREACHABLE_CODE = YES;
				CLANG_WARN__DUPLICATE_METHOD_MATCH = YES;
				COPY_PHASE_STRIP = NO;
				DEBUG_INFORMATION_FORMAT = dwarf;
				ENABLE_STRICT_OBJC_MSGSEND = YES;
				ENABLE_TESTABILITY = YES;
				ENABLE_USER_SCRIPT_SANDBOXING = YES;
				GCC_C_LANGUAGE_STANDARD = gnu17;
				GCC_DYNAMIC_NO_PIC = NO;
				GCC_NO_COMMON_BLOCKS = YES;
				GCC_OPTIMIZATION_LEVEL = 0;
				GCC_PREPROCESSOR_DEFINITIONS = (
					"DEBUG=1",
					"$(inherited)",
				);
				GCC_WARN_64_TO_32_BIT_CONVERSION = YES;
				GCC_WARN_ABOUT_RETURN_TYPE = YES_ERROR;
				GCC_WARN_UNDECLARED_SELECTOR = YES;
				GCC_WARN_UNINITIALIZED_AUTOS = YES_AGGRESSIVE;
				GCC_WARN_UNUSED_FUNCTION = YES;
				GCC_WARN_UNUSED_VARIABLE = YES;
				IPHONEOS_DEPLOYMENT_TARGET = 18.2;
				LOCALIZATION_PREFERS_STRING_CATALOGS = YES;
				MTL_ENABLE_DEBUG_INFO = INCLUDE_SOURCE;
				MTL_FAST_MATH = YES;
				ONLY_ACTIVE_ARCH = YES;
				SDKROOT = iphoneos;
				SWIFT_ACTIVE_COMPILATION_CONDITIONS = "DEBUG $(inherited)";
				SWIFT_OPTIMIZATION_LEVEL = "-Onone";
			};
			name = Debug;
		};
		0D8BD61C2DCBE31E00C4FD52 /* Release */ = {
			isa = XCBuildConfiguration;
			buildSettings = {
				ALWAYS_SEARCH_USER_PATHS = NO;
				ASSETCATALOG_COMPILER_GENERATE_SWIFT_ASSET_SYMBOL_EXTENSIONS = YES;
				CLANG_ANALYZER_NONNULL = YES;
				CLANG_ANALYZER_NUMBER_OBJECT_CONVERSION = YES_AGGRESSIVE;
				CLANG_CXX_LANGUAGE_STANDARD = "gnu++20";
				CLANG_ENABLE_MODULES = YES;
				CLANG_ENABLE_OBJC_ARC = YES;
				CLANG_ENABLE_OBJC_WEAK = YES;
				CLANG_WARN_BLOCK_CAPTURE_AUTORELEASING = YES;
				CLANG_WARN_BOOL_CONVERSION = YES;
				CLANG_WARN_COMMA = YES;
				CLANG_WARN_CONSTANT_CONVERSION = YES;
				CLANG_WARN_DEPRECATED_OBJC_IMPLEMENTATIONS = YES;
				CLANG_WARN_DIRECT_OBJC_ISA_USAGE = YES_ERROR;
				CLANG_WARN_DOCUMENTATION_COMMENTS = YES;
				CLANG_WARN_EMPTY_BODY = YES;
				CLANG_WARN_ENUM_CONVERSION = YES;
				CLANG_WARN_INFINITE_RECURSION = YES;
				CLANG_WARN_INT_CONVERSION = YES;
				CLANG_WARN_NON_LITERAL_NULL_CONVERSION = YES;
				CLANG_WARN_OBJC_IMPLICIT_RETAIN_SELF = YES;
				CLANG_WARN_OBJC_LITERAL_CONVERSION = YES;
				CLANG_WARN_OBJC_ROOT_CLASS = YES_ERROR;
				CLANG_WARN_QUOTED_INCLUDE_IN_FRAMEWORK_HEADER = YES;
				CLANG_WARN_RANGE_LOOP_ANALYSIS = YES;
				CLANG_WARN_STRICT_PROTOTYPES = YES;
				CLANG_WARN_SUSPICIOUS_MOVE = YES;
				CLANG_WARN_UNGUARDED_AVAILABILITY = YES_AGGRESSIVE;
				CLANG_WARN_UNREACHABLE_CODE = YES;
				CLANG_WARN__DUPLICATE_METHOD_MATCH = YES;
				COPY_PHASE_STRIP = NO;
				DEBUG_INFORMATION_FORMAT = "dwarf-with-dsym";
				ENABLE_NS_ASSERTIONS = NO;
				ENABLE_STRICT_OBJC_MSGSEND = YES;
				ENABLE_USER_SCRIPT_SANDBOXING = YES;
				GCC_C_LANGUAGE_STANDARD = gnu17;
				GCC_NO_COMMON_BLOCKS = YES;
				GCC_WARN_64_TO_32_BIT_CONVERSION = YES;
				GCC_WARN_ABOUT_RETURN_TYPE = YES_ERROR;
				GCC_WARN_UNDECLARED_SELECTOR = YES;
				GCC_WARN_UNINITIALIZED_AUTOS = YES_AGGRESSIVE;
				GCC_WARN_UNUSED_FUNCTION = YES;
				GCC_WARN_UNUSED_VARIABLE = YES;
				IPHONEOS_DEPLOYMENT_TARGET = 18.2;
				LOCALIZATION_PREFERS_STRING_CATALOGS = YES;
				MTL_ENABLE_DEBUG_INFO = NO;
				MTL_FAST_MATH = YES;
				SDKROOT = iphoneos;
				SWIFT_COMPILATION_MODE = wholemodule;
				VALIDATE_PRODUCT = YES;
			};
			name = Release;
		};
		0D8BD61E2DCBE31E00C4FD52 /* Debug */ = {
			isa = XCBuildConfiguration;
			buildSettings = {
				ASSETCATALOG_COMPILER_APPICON_NAME = AppIcon;
				ASSETCATALOG_COMPILER_GLOBAL_ACCENT_COLOR_NAME = AccentColor;
				CODE_SIGN_STYLE = Automatic;
				CURRENT_PROJECT_VERSION = 1;
				DEVELOPMENT_ASSET_PATHS = "\"Snapfit/Preview Content\"";
				DEVELOPMENT_TEAM = S44CCHGZ9Q;
				ENABLE_PREVIEWS = YES;
				GENERATE_INFOPLIST_FILE = YES;
				INFOPLIST_KEY_UIApplicationSceneManifest_Generation = YES;
				INFOPLIST_KEY_UIApplicationSupportsIndirectInputEvents = YES;
				INFOPLIST_KEY_UILaunchScreen_Generation = YES;
				INFOPLIST_KEY_UISupportedInterfaceOrientations_iPad = "UIInterfaceOrientationPortrait UIInterfaceOrientationPortraitUpsideDown UIInterfaceOrientationLandscapeLeft UIInterfaceOrientationLandscapeRight";
				INFOPLIST_KEY_UISupportedInterfaceOrientations_iPhone = "UIInterfaceOrientationPortrait UIInterfaceOrientationLandscapeLeft UIInterfaceOrientationLandscapeRight";
				LD_RUNPATH_SEARCH_PATHS = (
					"$(inherited)",
					"@executable_path/Frameworks",
				);
				MARKETING_VERSION = 1.0;
				PRODUCT_BUNDLE_IDENTIFIER = isaac.Snapfit;
				PRODUCT_NAME = "$(TARGET_NAME)";
				SWIFT_EMIT_LOC_STRINGS = YES;
				SWIFT_VERSION = 5.0;
				TARGETED_DEVICE_FAMILY = "1,2";
			};
			name = Debug;
		};
		0D8BD61F2DCBE31E00C4FD52 /* Release */ = {
			isa = XCBuildConfiguration;
			buildSettings = {
				ASSETCATALOG_COMPILER_APPICON_NAME = AppIcon;
				ASSETCATALOG_COMPILER_GLOBAL_ACCENT_COLOR_NAME = AccentColor;
				CODE_SIGN_STYLE = Automatic;
				CURRENT_PROJECT_VERSION = 1;
				DEVELOPMENT_ASSET_PATHS = "\"Snapfit/Preview Content\"";
				DEVELOPMENT_TEAM = S44CCHGZ9Q;
				ENABLE_PREVIEWS = YES;
				GENERATE_INFOPLIST_FILE = YES;
				INFOPLIST_KEY_UIApplicationSceneManifest_Generation = YES;
				INFOPLIST_KEY_UIApplicationSupportsIndirectInputEvents = YES;
				INFOPLIST_KEY_UILaunchScreen_Generation = YES;
				INFOPLIST_KEY_UISupportedInterfaceOrientations_iPad = "UIInterfaceOrientationPortrait UIInterfaceOrientationPortraitUpsideDown UIInterfaceOrientationLandscapeLeft UIInterfaceOrientationLandscapeRight";
				INFOPLIST_KEY_UISupportedInterfaceOrientations_iPhone = "UIInterfaceOrientationPortrait UIInterfaceOrientationLandscapeLeft UIInterfaceOrientationLandscapeRight";
				LD_RUNPATH_SEARCH_PATHS = (
					"$(inherited)",
					"@executable_path/Frameworks",
				);
				MARKETING_VERSION = 1.0;
				PRODUCT_BUNDLE_IDENTIFIER = isaac.Snapfit;
				PRODUCT_NAME = "$(TARGET_NAME)";
				SWIFT_EMIT_LOC_STRINGS = YES;
				SWIFT_VERSION = 5.0;
				TARGETED_DEVICE_FAMILY = "1,2";
			};
			name = Release;
		};
		0D8BD6212DCBE31E00C4FD52 /* Debug */ = {
			isa = XCBuildConfiguration;
			buildSettings = {
				BUNDLE_LOADER = "$(TEST_HOST)";
				CODE_SIGN_STYLE = Automatic;
				CURRENT_PROJECT_VERSION = 1;
				DEVELOPMENT_TEAM = S44CCHGZ9Q;
				GENERATE_INFOPLIST_FILE = YES;
				IPHONEOS_DEPLOYMENT_TARGET = 18.2;
				MARKETING_VERSION = 1.0;
				PRODUCT_BUNDLE_IDENTIFIER = isaac.SnapfitTests;
				PRODUCT_NAME = "$(TARGET_NAME)";
				SWIFT_EMIT_LOC_STRINGS = NO;
				SWIFT_VERSION = 5.0;
				TARGETED_DEVICE_FAMILY = "1,2";
				TEST_HOST = "$(BUILT_PRODUCTS_DIR)/Snapfit.app/$(BUNDLE_EXECUTABLE_FOLDER_PATH)/Snapfit";
			};
			name = Debug;
		};
		0D8BD6222DCBE31E00C4FD52 /* Release */ = {
			isa = XCBuildConfiguration;
			buildSettings = {
				BUNDLE_LOADER = "$(TEST_HOST)";
				CODE_SIGN_STYLE = Automatic;
				CURRENT_PROJECT_VERSION = 1;
				DEVELOPMENT_TEAM = S44CCHGZ9Q;
				GENERATE_INFOPLIST_FILE = YES;
				IPHONEOS_DEPLOYMENT_TARGET = 18.2;
				MARKETING_VERSION = 1.0;
				PRODUCT_BUNDLE_IDENTIFIER = isaac.SnapfitTests;
				PRODUCT_NAME = "$(TARGET_NAME)";
				SWIFT_EMIT_LOC_STRINGS = NO;
				SWIFT_VERSION = 5.0;
				TARGETED_DEVICE_FAMILY = "1,2";
				TEST_HOST = "$(BUILT_PRODUCTS_DIR)/Snapfit.app/$(BUNDLE_EXECUTABLE_FOLDER_PATH)/Snapfit";
			};
			name = Release;
		};
		0D8BD6242DCBE31E00C4FD52 /* Debug */ = {
			isa = XCBuildConfiguration;
			buildSettings = {
				CODE_SIGN_STYLE = Automatic;
				CURRENT_PROJECT_VERSION = 1;
				DEVELOPMENT_TEAM = S44CCHGZ9Q;
				GENERATE_INFOPLIST_FILE = YES;
				MARKETING_VERSION = 1.0;
				PRODUCT_BUNDLE_IDENTIFIER = isaac.SnapfitUITests;
				PRODUCT_NAME = "$(TARGET_NAME)";
				SWIFT_EMIT_LOC_STRINGS = NO;
				SWIFT_VERSION = 5.0;
				TARGETED_DEVICE_FAMILY = "1,2";
				TEST_TARGET_NAME = Snapfit;
			};
			name = Debug;
		};
		0D8BD6252DCBE31E00C4FD52 /* Release */ = {
			isa = XCBuildConfiguration;
			buildSettings = {
				CODE_SIGN_STYLE = Automatic;
				CURRENT_PROJECT_VERSION = 1;
				DEVELOPMENT_TEAM = S44CCHGZ9Q;
				GENERATE_INFOPLIST_FILE = YES;
				MARKETING_VERSION = 1.0;
				PRODUCT_BUNDLE_IDENTIFIER = isaac.SnapfitUITests;
				PRODUCT_NAME = "$(TARGET_NAME)";
				SWIFT_EMIT_LOC_STRINGS = NO;
				SWIFT_VERSION = 5.0;
				TARGETED_DEVICE_FAMILY = "1,2";
				TEST_TARGET_NAME = Snapfit;
			};
			name = Release;
		};
/* End XCBuildConfiguration section */

/* Begin XCConfigurationList section */
		0D8BD5F42DCBE31C00C4FD52 /* Build configuration list for PBXProject "Snapfit" */ = {
			isa = XCConfigurationList;
			buildConfigurations = (
				0D8BD61B2DCBE31E00C4FD52 /* Debug */,
				0D8BD61C2DCBE31E00C4FD52 /* Release */,
			);
			defaultConfigurationIsVisible = 0;
			defaultConfigurationName = Release;
		};
		0D8BD61D2DCBE31E00C4FD52 /* Build configuration list for PBXNativeTarget "Snapfit" */ = {
			isa = XCConfigurationList;
			buildConfigurations = (
				0D8BD61E2DCBE31E00C4FD52 /* Debug */,
				0D8BD61F2DCBE31E00C4FD52 /* Release */,
			);
			defaultConfigurationIsVisible = 0;
			defaultConfigurationName = Release;
		};
		0D8BD6202DCBE31E00C4FD52 /* Build configuration list for PBXNativeTarget "SnapfitTests" */ = {
			isa = XCConfigurationList;
			buildConfigurations = (
				0D8BD6212DCBE31E00C4FD52 /* Debug */,
				0D8BD6222DCBE31E00C4FD52 /* Release */,
			);
			defaultConfigurationIsVisible = 0;
			defaultConfigurationName = Release;
		};
		0D8BD6232DCBE31E00C4FD52 /* Build configuration list for PBXNativeTarget "SnapfitUITests" */ = {
			isa = XCConfigurationList;
			buildConfigurations = (
				0D8BD6242DCBE31E00C4FD52 /* Debug */,
				0D8BD6252DCBE31E00C4FD52 /* Release */,
			);
			defaultConfigurationIsVisible = 0;
			defaultConfigurationName = Release;
		};
/* End XCConfigurationList section */
	};
	rootObject = 0D8BD5F12DCBE31C00C4FD52 /* Project object */;
}
